
Microsoft Visual Studio Solution File, Format Version 12.00
# Visual Studio Version 17
VisualStudioVersion = 17.9.34728.123
MinimumVisualStudioVersion = 10.0.40219.1
Project("{FAE04EC0-301F-11D3-BF4B-00C04F79EFBC}") = "Azure.CosmosDB.Operations", "Azure.CosmosDB.Operations\Azure.CosmosDB.Operations.csproj", "{476A675A-29C4-4B3E-A743-D67DB3885CEA}"
EndProject
Global
	GlobalSection(SolutionConfigurationPlatforms) = preSolution
		Debug|Any CPU = Debug|Any CPU
		Release|Any CPU = Release|Any CPU
	EndGlobalSection
	GlobalSection(ProjectConfigurationPlatforms) = postSolution
		{476A675A-29C4-4B3E-A743-D67DB3885CEA}.Debug|Any CPU.ActiveCfg = Debug|Any CPU
		{476A675A-29C4-4B3E-A743-D67DB3885CEA}.Debug|Any CPU.Build.0 = Debug|Any CPU
		{476A675A-29C4-4B3E-A743-D67DB3885CEA}.Release|Any CPU.ActiveCfg = Release|Any CPU
		{476A675A-29C4-4B3E-A743-D67DB3885CEA}.Release|Any CPU.Build.0 = Release|Any CPU
	EndGlobalSection
	GlobalSection(SolutionProperties) = preSolution
		HideSolutionNode = FALSE
	EndGlobalSection
	GlobalSection(ExtensibilityGlobals) = postSolution
		SolutionGuid = {8A5DE5A3-C2FF-48A2-AE5E-073BE79F877F}
	EndGlobalSection
EndGlobal
